
Microsoft Visual Studio Solution File, Format Version 12.00
# Visual Studio Version 16
VisualStudioVersion = 16.0.30621.155
MinimumVisualStudioVersion = 10.0.40219.1
Project("{FAE04EC0-301F-11D3-BF4B-00C04F79EFBC}") = "PracticaFinal", "PracticaFinal\PracticaFinal.csproj", "{EC17C677-EDBD-467B-92BB-7DF56388597B}"
EndProject
Global
	GlobalSection(SolutionConfigurationPlatforms) = preSolution
		Debug|Any CPU = Debug|Any CPU
		Release|Any CPU = Release|Any CPU
	EndGlobalSection
	GlobalSection(ProjectConfigurationPlatforms) = postSolution
		{EC17C677-EDBD-467B-92BB-7DF56388597B}.Debug|Any CPU.ActiveCfg = Debug|Any CPU
		{EC17C677-EDBD-467B-92BB-7DF56388597B}.Debug|Any CPU.Build.0 = Debug|Any CPU
		{EC17C677-EDBD-467B-92BB-7DF56388597B}.Release|Any CPU.ActiveCfg = Release|Any CPU
		{EC17C677-EDBD-467B-92BB-7DF56388597B}.Release|Any CPU.Build.0 = Release|Any CPU
	EndGlobalSection
	GlobalSection(SolutionProperties) = preSolution
		HideSolutionNode = FALSE
	EndGlobalSection
	GlobalSection(ExtensibilityGlobals) = postSolution
		SolutionGuid = {09C0542C-E193-42A9-B31A-EF934ACDB3D1}
	EndGlobalSection
EndGlobal
